{
  "name": "pipwerk-scorm",
  "version": "1.0.0",
  "lockfileVersion": 1,
  "requires": true,
  "dependencies": {
    "pipwerks-scorm-api-wrapper": {
      "version": "0.1.2",
      "resolved": "https://registry.npmjs.org/pipwerks-scorm-api-wrapper/-/pipwerks-scorm-api-wrapper-0.1.2.tgz",
      "integrity": "sha1-C6sQopIu2MP3bQ+XHc79pUb9jwo=",
      "requires": {
        "scorm-api-wrapper": "git+https://github.com/pipwerks/scorm-api-wrapper.git"
      }
    },
    "scorm-api-wrapper": {
      "version": "git+https://github.com/pipwerks/scorm-api-wrapper.git#82e455b4032ee08febf64d2fa2bf1aacaebaa446",
      "from": "git+https://github.com/pipwerks/scorm-api-wrapper.git"
    }
  }
}
